
Microsoft Visual Studio Solution File, Format Version 12.00
# Visual Studio Version 17
VisualStudioVersion = 17.0.32014.148
MinimumVisualStudioVersion = 10.0.40219.1
Project("{9A19103F-16F7-4668-BE54-9A1E7A4F7556}") = "BackgroundWorkerExample", "BackgroundWorkerExample\BackgroundWorkerExample.csproj", "{CE0E311E-0FAF-4FB8-B3E1-8D6D65EBAAA4}"
EndProject
Project("{FAE04EC0-301F-11D3-BF4B-00C04F79EFBC}") = "Data", "Data\Data.csproj", "{EFD1E27E-4125-4FEE-87BA-AE7DBE876ADD}"
EndProject
Global
	GlobalSection(SolutionConfigurationPlatforms) = preSolution
		Debug|Any CPU = Debug|Any CPU
		Release|Any CPU = Release|Any CPU
	EndGlobalSection
	GlobalSection(ProjectConfigurationPlatforms) = postSolution
		{CE0E311E-0FAF-4FB8-B3E1-8D6D65EBAAA4}.Debug|Any CPU.ActiveCfg = Debug|Any CPU
		{CE0E311E-0FAF-4FB8-B3E1-8D6D65EBAAA4}.Debug|Any CPU.Build.0 = Debug|Any CPU
		{CE0E311E-0FAF-4FB8-B3E1-8D6D65EBAAA4}.Release|Any CPU.ActiveCfg = Release|Any CPU
		{CE0E311E-0FAF-4FB8-B3E1-8D6D65EBAAA4}.Release|Any CPU.Build.0 = Release|Any CPU
		{EFD1E27E-4125-4FEE-87BA-AE7DBE876ADD}.Debug|Any CPU.ActiveCfg = Debug|Any CPU
		{EFD1E27E-4125-4FEE-87BA-AE7DBE876ADD}.Debug|Any CPU.Build.0 = Debug|Any CPU
		{EFD1E27E-4125-4FEE-87BA-AE7DBE876ADD}.Release|Any CPU.ActiveCfg = Release|Any CPU
		{EFD1E27E-4125-4FEE-87BA-AE7DBE876ADD}.Release|Any CPU.Build.0 = Release|Any CPU
	EndGlobalSection
	GlobalSection(SolutionProperties) = preSolution
		HideSolutionNode = FALSE
	EndGlobalSection
	GlobalSection(ExtensibilityGlobals) = postSolution
		SolutionGuid = {87480B37-1F8E-4BE1-B9DF-29C562ACA8A6}
	EndGlobalSection
EndGlobal
